// !$*UTF8*$!
{
	archiveVersion = 1;
	classes = {
	};
	objectVersion = 46;
	objects = {

/* Begin PBXBuildFile section */
		CEA44FAD1DB73B0C00317852 /* AppDelegate.swift in Sources */ = {isa = PBXBuildFile; fileRef = CEA44FAC1DB73B0C00317852 /* AppDelegate.swift */; };
		CEA44FAF1DB73B0C00317852 /* ViewController.swift in Sources */ = {isa = PBXBuildFile; fileRef = CEA44FAE1DB73B0C00317852 /* ViewController.swift */; };
		CEA44FB21DB73B0C00317852 /* Main.storyboard in Resources */ = {isa = PBXBuildFile; fileRef = CEA44FB01DB73B0C00317852 /* Main.storyboard */; };
		CEA44FB41DB73B0C00317852 /* Assets.xcassets in Resources */ = {isa = PBXBuildFile; fileRef = CEA44FB31DB73B0C00317852 /* Assets.xcassets */; };
		CEA44FB71DB73B0C00317852 /* LaunchScreen.storyboard in Resources */ = {isa = PBXBuildFile; fileRef = CEA44FB51DB73B0C00317852 /* LaunchScreen.storyboard */; };
		CEA450011DB79FD900317852 /* CustomCell.swift in Sources */ = {isa = PBXBuildFile; fileRef = CEA450001DB79FD900317852 /* CustomCell.swift */; };
		CEA450041DB7A06E00317852 /* CellForBtn.swift in Sources */ = {isa = PBXBuildFile; fileRef = CEA450031DB7A06E00317852 /* CellForBtn.swift */; };
		CEA450061DB7A08600317852 /* CellForLbl.swift in Sources */ = {isa = PBXBuildFile; fileRef = CEA450051DB7A08600317852 /* CellForLbl.swift */; };
/* End PBXBuildFile section */

/* Begin PBXFileReference section */
		CEA44FA91DB73B0C00317852 /* Preferences.app */ = {isa = PBXFileReference; explicitFileType = wrapper.application; includeInIndex = 0; path = Preferences.app; sourceTree = BUILT_PRODUCTS_DIR; };
		CEA44FAC1DB73B0C00317852 /* AppDelegate.swift */ = {isa = PBXFileReference; lastKnownFileType = sourcecode.swift; path = AppDelegate.swift; sourceTree = "<group>"; };
		CEA44FAE1DB73B0C00317852 /* ViewController.swift */ = {isa = PBXFileReference; lastKnownFileType = sourcecode.swift; path = ViewController.swift; sourceTree = "<group>"; };
		CEA44FB11DB73B0C00317852 /* Base */ = {isa = PBXFileReference; lastKnownFileType = file.storyboard; name = Base; path = Base.lproj/Main.storyboard; sourceTree = "<group>"; };
		CEA44FB31DB73B0C00317852 /* Assets.xcassets */ = {isa = PBXFileReference; lastKnownFileType = folder.assetcatalog; path = Assets.xcassets; sourceTree = "<group>"; };
		CEA44FB61DB73B0C00317852 /* Base */ = {isa = PBXFileReference; lastKnownFileType = file.storyboard; name = Base; path = Base.lproj/LaunchScreen.storyboard; sourceTree = "<group>"; };
		CEA44FB81DB73B0C00317852 /* Info.plist */ = {isa = PBXFileReference; lastKnownFileType = text.plist.xml; path = Info.plist; sourceTree = "<group>"; };
		CEA450001DB79FD900317852 /* CustomCell.swift */ = {isa = PBXFileReference; fileEncoding = 4; lastKnownFileType = sourcecode.swift; path = CustomCell.swift; sourceTree = "<group>"; };
		CEA450031DB7A06E00317852 /* CellForBtn.swift */ = {isa = PBXFileReference; fileEncoding = 4; lastKnownFileType = sourcecode.swift; path = CellForBtn.swift; sourceTree = "<group>"; };
		CEA450051DB7A08600317852 /* CellForLbl.swift */ = {isa = PBXFileReference; fileEncoding = 4; lastKnownFileType = sourcecode.swift; path = CellForLbl.swift; sourceTree = "<group>"; };
/* End PBXFileReference section */

/* Begin PBXFrameworksBuildPhase section */
		CEA44FA61DB73B0C00317852 /* Frameworks */ = {
			isa = PBXFrameworksBuildPhase;
			buildActionMask = 2147483647;
			files = (
			);
			runOnlyForDeploymentPostprocessing = 0;
		};
/* End PBXFrameworksBuildPhase section */

/* Begin PBXGroup section */
		CEA44FA01DB73B0C00317852 = {
			isa = PBXGroup;
			children = (
				CEA44FAB1DB73B0C00317852 /* Preferences */,
				CEA44FAA1DB73B0C00317852 /* Products */,
			);
			sourceTree = "<group>";
		};
		CEA44FAA1DB73B0C00317852 /* Products */ = {
			isa = PBXGroup;
			children = (
				CEA44FA91DB73B0C00317852 /* Preferences.app */,
			);
			name = Products;
			sourceTree = "<group>";
		};
		CEA44FAB1DB73B0C00317852 /* Preferences */ = {
			isa = PBXGroup;
			children = (
				CEA450021DB7A04000317852 /* CustomCell */,
				CEA44FAC1DB73B0C00317852 /* AppDelegate.swift */,
				CEA44FAE1DB73B0C00317852 /* ViewController.swift */,
				CEA44FB01DB73B0C00317852 /* Main.storyboard */,
				CEA44FB31DB73B0C00317852 /* Assets.xcassets */,
				CEA44FB51DB73B0C00317852 /* LaunchScreen.storyboard */,
				CEA44FB81DB73B0C00317852 /* Info.plist */,
				CEA450001DB79FD900317852 /* CustomCell.swift */,
			);
			path = Preferences;
			sourceTree = "<group>";
		};
		CEA450021DB7A04000317852 /* CustomCell */ = {
			isa = PBXGroup;
			children = (
				CEA450031DB7A06E00317852 /* CellForBtn.swift */,
				CEA450051DB7A08600317852 /* CellForLbl.swift */,
			);
			name = CustomCell;
			sourceTree = "<group>";
		};
/* End PBXGroup section */

/* Begin PBXNativeTarget section */
		CEA44FA81DB73B0C00317852 /* Preferences */ = {
			isa = PBXNativeTarget;
			buildConfigurationList = CEA44FBB1DB73B0C00317852 /* Build configuration list for PBXNativeTarget "Preferences" */;
			buildPhases = (
				CEA44FA51DB73B0C00317852 /* Sources */,
				CEA44FA61DB73B0C00317852 /* Frameworks */,
				CEA44FA71DB73B0C00317852 /* Resources */,
			);
			buildRules = (
			);
			dependencies = (
			);
			name = Preferences;
			productName = Preferences;
			productReference = CEA44FA91DB73B0C00317852 /* Preferences.app */;
			productType = "com.apple.product-type.application";
		};
/* End PBXNativeTarget section */

/* Begin PBXProject section */
		CEA44FA11DB73B0C00317852 /* Project object */ = {
			isa = PBXProject;
			attributes = {
				LastSwiftUpdateCheck = 0730;
				LastUpgradeCheck = 0730;
				ORGANIZATIONNAME = "Parallaxlogic Infotech";
				TargetAttributes = {
					CEA44FA81DB73B0C00317852 = {
						CreatedOnToolsVersion = 7.3;
						DevelopmentTeam = 4DQCTQ57W4;
					};
				};
			};
			buildConfigurationList = CEA44FA41DB73B0C00317852 /* Build configuration list for PBXProject "Preferences" */;
			compatibilityVersion = "Xcode 3.2";
			developmentRegion = English;
			hasScannedForEncodings = 0;
			knownRegions = (
				en,
				Base,
			);
			mainGroup = CEA44FA01DB73B0C00317852;
			productRefGroup = CEA44FAA1DB73B0C00317852 /* Products */;
			projectDirPath = "";
			projectRoot = "";
			targets = (
				CEA44FA81DB73B0C00317852 /* Preferences */,
			);
		};
/* End PBXProject section */

/* Begin PBXResourcesBuildPhase section */
		CEA44FA71DB73B0C00317852 /* Resources */ = {
			isa = PBXResourcesBuildPhase;
			buildActionMask = 2147483647;
			files = (
				CEA44FB71DB73B0C00317852 /* LaunchScreen.storyboard in Resources */,
				CEA44FB41DB73B0C00317852 /* Assets.xcassets in Resources */,
				CEA44FB21DB73B0C00317852 /* Main.storyboard in Resources */,
			);
			runOnlyForDeploymentPostprocessing = 0;
		};
/* End PBXResourcesBuildPhase section */

/* Begin PBXSourcesBuildPhase section */
		CEA44FA51DB73B0C00317852 /* Sources */ = {
			isa = PBXSourcesBuildPhase;
			buildActionMask = 2147483647;
			files = (
				CEA44FAF1DB73B0C00317852 /* ViewController.swift in Sources */,
				CEA450011DB79FD900317852 /* CustomCell.swift in Sources */,
				CEA450041DB7A06E00317852 /* CellForBtn.swift in Sources */,
				CEA44FAD1DB73B0C00317852 /* AppDelegate.swift in Sources */,
				CEA450061DB7A08600317852 /* CellForLbl.swift in Sources */,
			);
			runOnlyForDeploymentPostprocessing = 0;
		};
/* End PBXSourcesBuildPhase section */

/* Begin PBXVariantGroup section */
		CEA44FB01DB73B0C00317852 /* Main.storyboard */ = {
			isa = PBXVariantGroup;
			children = (
				CEA44FB11DB73B0C00317852 /* Base */,
			);
			name = Main.storyboard;
			sourceTree = "<group>";
		};
		CEA44FB51DB73B0C00317852 /* LaunchScreen.storyboard */ = {
			isa = PBXVariantGroup;
			children = (
				CEA44FB61DB73B0C00317852 /* Base */,
			);
			name = LaunchScreen.storyboard;
			sourceTree = "<group>";
		};
/* End PBXVariantGroup section */

/* Begin XCBuildConfiguration section */
		CEA44FB91DB73B0C00317852 /* Debug */ = {
			isa = XCBuildConfiguration;
			buildSettings = {
				ALWAYS_SEARCH_USER_PATHS = NO;
				CLANG_ANALYZER_NONNULL = YES;
				CLANG_CXX_LANGUAGE_STANDARD = "gnu++0x";
				CLANG_CXX_LIBRARY = "libc++";
				CLANG_ENABLE_MODULES = YES;
				CLANG_ENABLE_OBJC_ARC = YES;
				CLANG_WARN_BOOL_CONVERSION = YES;
				CLANG_WARN_CONSTANT_CONVERSION = YES;
				CLANG_WARN_DIRECT_OBJC_ISA_USAGE = YES_ERROR;
				CLANG_WARN_EMPTY_BODY = YES;
				CLANG_WARN_ENUM_CONVERSION = YES;
				CLANG_WARN_INT_CONVERSION = YES;
				CLANG_WARN_OBJC_ROOT_CLASS = YES_ERROR;
				CLANG_WARN_UNREACHABLE_CODE = YES;
				CLANG_WARN__DUPLICATE_METHOD_MATCH = YES;
				"CODE_SIGN_IDENTITY[sdk=iphoneos*]" = "iPhone Developer";
				COPY_PHASE_STRIP = NO;
				DEBUG_INFORMATION_FORMAT = dwarf;
				ENABLE_STRICT_OBJC_MSGSEND = YES;
				ENABLE_TESTABILITY = YES;
				GCC_C_LANGUAGE_STANDARD = gnu99;
				GCC_DYNAMIC_NO_PIC = NO;
				GCC_NO_COMMON_BLOCKS = YES;
				GCC_OPTIMIZATION_LEVEL = 0;
				GCC_PREPROCESSOR_DEFINITIONS = (
					"DEBUG=1",
					"$(inherited)",
				);
				GCC_WARN_64_TO_32_BIT_CONVERSION = YES;
				GCC_WARN_ABOUT_RETURN_TYPE = YES_ERROR;
				GCC_WARN_UNDECLARED_SELECTOR = YES;
				GCC_WARN_UNINITIALIZED_AUTOS = YES_AGGRESSIVE;
				GCC_WARN_UNUSED_FUNCTION = YES;
				GCC_WARN_UNUSED_VARIABLE = YES;
				IPHONEOS_DEPLOYMENT_TARGET = 9.3;
				MTL_ENABLE_DEBUG_INFO = YES;
				ONLY_ACTIVE_ARCH = YES;
				SDKROOT = iphoneos;
				SWIFT_OPTIMIZATION_LEVEL = "-Onone";
			};
			name = Debug;
		};
		CEA44FBA1DB73B0C00317852 /* Release */ = {
			isa = XCBuildConfiguration;
			buildSettings = {
				ALWAYS_SEARCH_USER_PATHS = NO;
				CLANG_ANALYZER_NONNULL = YES;
				CLANG_CXX_LANGUAGE_STANDARD = "gnu++0x";
				CLANG_CXX_LIBRARY = "libc++";
				CLANG_ENABLE_MODULES = YES;
				CLANG_ENABLE_OBJC_ARC = YES;
				CLANG_WARN_BOOL_CONVERSION = YES;
				CLANG_WARN_CONSTANT_CONVERSION = YES;
				CLANG_WARN_DIRECT_OBJC_ISA_USAGE = YES_ERROR;
				CLANG_WARN_EMPTY_BODY = YES;
				CLANG_WARN_ENUM_CONVERSION = YES;
				CLANG_WARN_INT_CONVERSION = YES;
				CLANG_WARN_OBJC_ROOT_CLASS = YES_ERROR;
				CLANG_WARN_UNREACHABLE_CODE = YES;
				CLANG_WARN__DUPLICATE_METHOD_MATCH = YES;
				"CODE_SIGN_IDENTITY[sdk=iphoneos*]" = "iPhone Developer";
				COPY_PHASE_STRIP = NO;
				DEBUG_INFORMATION_FORMAT = "dwarf-with-dsym";
				ENABLE_NS_ASSERTIONS = NO;
				ENABLE_STRICT_OBJC_MSGSEND = YES;
				GCC_C_LANGUAGE_STANDARD = gnu99;
				GCC_NO_COMMON_BLOCKS = YES;
				GCC_WARN_64_TO_32_BIT_CONVERSION = YES;
				GCC_WARN_ABOUT_RETURN_TYPE = YES_ERROR;
				GCC_WARN_UNDECLARED_SELECTOR = YES;
				GCC_WARN_UNINITIALIZED_AUTOS = YES_AGGRESSIVE;
				GCC_WARN_UNUSED_FUNCTION = YES;
				GCC_WARN_UNUSED_VARIABLE = YES;
				IPHONEOS_DEPLOYMENT_TARGET = 9.3;
				MTL_ENABLE_DEBUG_INFO = NO;
				SDKROOT = iphoneos;
				VALIDATE_PRODUCT = YES;
			};
			name = Release;
		};
		CEA44FBC1DB73B0C00317852 /* Debug */ = {
			isa = XCBuildConfiguration;
			buildSettings = {
				ASSETCATALOG_COMPILER_APPICON_NAME = AppIcon;
				INFOPLIST_FILE = Preferences/Info.plist;
				LD_RUNPATH_SEARCH_PATHS = "$(inherited) @executable_path/Frameworks";
				PRODUCT_BUNDLE_IDENTIFIER = com.parallaxlogic.Preferences;
				PRODUCT_NAME = "$(TARGET_NAME)";
			};
			name = Debug;
		};
		CEA44FBD1DB73B0C00317852 /* Release */ = {
			isa = XCBuildConfiguration;
			buildSettings = {
				ASSETCATALOG_COMPILER_APPICON_NAME = AppIcon;
				INFOPLIST_FILE = Preferences/Info.plist;
				LD_RUNPATH_SEARCH_PATHS = "$(inherited) @executable_path/Frameworks";
				PRODUCT_BUNDLE_IDENTIFIER = com.parallaxlogic.Preferences;
				PRODUCT_NAME = "$(TARGET_NAME)";
			};
			name = Release;
		};
/* End XCBuildConfiguration section */

/* Begin XCConfigurationList section */
		CEA44FA41DB73B0C00317852 /* Build configuration list for PBXProject "Preferences" */ = {
			isa = XCConfigurationList;
			buildConfigurations = (
				CEA44FB91DB73B0C00317852 /* Debug */,
				CEA44FBA1DB73B0C00317852 /* Release */,
			);
			defaultConfigurationIsVisible = 0;
			defaultConfigurationName = Release;
		};
		CEA44FBB1DB73B0C00317852 /* Build configuration list for PBXNativeTarget "Preferences" */ = {
			isa = XCConfigurationList;
			buildConfigurations = (
				CEA44FBC1DB73B0C00317852 /* Debug */,
				CEA44FBD1DB73B0C00317852 /* Release */,
			);
			defaultConfigurationIsVisible = 0;
		};
/* End XCConfigurationList section */
	};
	rootObject = CEA44FA11DB73B0C00317852 /* Project object */;
}
